
Microsoft Visual Studio Solution File, Format Version 12.00
# Visual Studio Version 16
VisualStudioVersion = 16.0.31019.35
MinimumVisualStudioVersion = 10.0.40219.1
Project("{FAE04EC0-301F-11D3-BF4B-00C04F79EFBC}") = "CoxinhaDeBueno", "CoxinhaDeBueno\CoxinhaDeBueno.csproj", "{92E5AA4D-F1C5-4A42-A17E-7D743825D6C9}"
EndProject
Global
	GlobalSection(SolutionConfigurationPlatforms) = preSolution
		Debug|Any CPU = Debug|Any CPU
		Release|Any CPU = Release|Any CPU
	EndGlobalSection
	GlobalSection(ProjectConfigurationPlatforms) = postSolution
		{92E5AA4D-F1C5-4A42-A17E-7D743825D6C9}.Debug|Any CPU.ActiveCfg = Debug|Any CPU
		{92E5AA4D-F1C5-4A42-A17E-7D743825D6C9}.Debug|Any CPU.Build.0 = Debug|Any CPU
		{92E5AA4D-F1C5-4A42-A17E-7D743825D6C9}.Release|Any CPU.ActiveCfg = Release|Any CPU
		{92E5AA4D-F1C5-4A42-A17E-7D743825D6C9}.Release|Any CPU.Build.0 = Release|Any CPU
	EndGlobalSection
	GlobalSection(SolutionProperties) = preSolution
		HideSolutionNode = FALSE
	EndGlobalSection
	GlobalSection(ExtensibilityGlobals) = postSolution
		SolutionGuid = {30DDF274-07B2-40DA-A7EA-966D32064A50}
	EndGlobalSection
EndGlobal
