
Microsoft Visual Studio Solution File, Format Version 12.00
# Visual Studio Version 16
VisualStudioVersion = 16.0.30907.101
MinimumVisualStudioVersion = 10.0.40219.1
Project("{FAE04EC0-301F-11D3-BF4B-00C04F79EFBC}") = "Distancia", "Distancia\Distancia.csproj", "{7051EBA1-606C-4AB8-9951-2A996D1C04BA}"
EndProject
Global
	GlobalSection(SolutionConfigurationPlatforms) = preSolution
		Debug|Any CPU = Debug|Any CPU
		Release|Any CPU = Release|Any CPU
	EndGlobalSection
	GlobalSection(ProjectConfigurationPlatforms) = postSolution
		{7051EBA1-606C-4AB8-9951-2A996D1C04BA}.Debug|Any CPU.ActiveCfg = Debug|Any CPU
		{7051EBA1-606C-4AB8-9951-2A996D1C04BA}.Debug|Any CPU.Build.0 = Debug|Any CPU
		{7051EBA1-606C-4AB8-9951-2A996D1C04BA}.Release|Any CPU.ActiveCfg = Release|Any CPU
		{7051EBA1-606C-4AB8-9951-2A996D1C04BA}.Release|Any CPU.Build.0 = Release|Any CPU
	EndGlobalSection
	GlobalSection(SolutionProperties) = preSolution
		HideSolutionNode = FALSE
	EndGlobalSection
	GlobalSection(ExtensibilityGlobals) = postSolution
		SolutionGuid = {49480DED-2B67-40D6-9F7F-E1366A3BF855}
	EndGlobalSection
EndGlobal
